
Microsoft Visual Studio Solution File, Format Version 11.00
# Visual Studio 2010
Project("{8BC9CEB8-8B4A-11D0-8D11-00A0C91BC942}") = "TaskNum9", "TaskNum9\TaskNum9.vcxproj", "{C8335D02-FCB4-47C0-A595-CA2080F65D21}"
EndProject
Global
	GlobalSection(SolutionConfigurationPlatforms) = preSolution
		Debug|Win32 = Debug|Win32
		Release|Win32 = Release|Win32
	EndGlobalSection
	GlobalSection(ProjectConfigurationPlatforms) = postSolution
		{C8335D02-FCB4-47C0-A595-CA2080F65D21}.Debug|Win32.ActiveCfg = Debug|Win32
		{C8335D02-FCB4-47C0-A595-CA2080F65D21}.Debug|Win32.Build.0 = Debug|Win32
		{C8335D02-FCB4-47C0-A595-CA2080F65D21}.Release|Win32.ActiveCfg = Release|Win32
		{C8335D02-FCB4-47C0-A595-CA2080F65D21}.Release|Win32.Build.0 = Release|Win32
	EndGlobalSection
	GlobalSection(SolutionProperties) = preSolution
		HideSolutionNode = FALSE
	EndGlobalSection
EndGlobal
